// !$*UTF8*$!
{
	archiveVersion = 1;
	classes = {
	};
	objectVersion = 46;
	objects = {

/* Begin PBXBuildFile section */
		607FACD61AFB9204008FA782 /* AppDelegate.swift in Sources */ = {isa = PBXBuildFile; fileRef = 607FACD51AFB9204008FA782 /* AppDelegate.swift */; };
		607FACD81AFB9204008FA782 /* ViewController.swift in Sources */ = {isa = PBXBuildFile; fileRef = 607FACD71AFB9204008FA782 /* ViewController.swift */; };
		607FACDB1AFB9204008FA782 /* Main.storyboard in Resources */ = {isa = PBXBuildFile; fileRef = 607FACD91AFB9204008FA782 /* Main.storyboard */; };
		607FACDD1AFB9204008FA782 /* Images.xcassets in Resources */ = {isa = PBXBuildFile; fileRef = 607FACDC1AFB9204008FA782 /* Images.xcassets */; };
		607FACE01AFB9204008FA782 /* LaunchScreen.xib in Resources */ = {isa = PBXBuildFile; fileRef = 607FACDE1AFB9204008FA782 /* LaunchScreen.xib */; };
		607FACEC1AFB9204008FA782 /* Tests.swift in Sources */ = {isa = PBXBuildFile; fileRef = 607FACEB1AFB9204008FA782 /* Tests.swift */; };
		A02B3F7A26BB62DB00B23AA1 /* Extensions.swift in Sources */ = {isa = PBXBuildFile; fileRef = A02B3F7926BB62DB00B23AA1 /* Extensions.swift */; };
		A2B7C1870F48AAE870868CC8 /* Pods_klashapay_Tests.framework in Frameworks */ = {isa = PBXBuildFile; fileRef = 674DF8881F2E949E95E8CF62 /* Pods_klashapay_Tests.framework */; };
		E0A493C6F09E099364C15664 /* Pods_klashapay_Example.framework in Frameworks */ = {isa = PBXBuildFile; fileRef = 19999C2B20E67E0313203B2D /* Pods_klashapay_Example.framework */; };
/* End PBXBuildFile section */

/* Begin PBXContainerItemProxy section */
		607FACE61AFB9204008FA782 /* PBXContainerItemProxy */ = {
			isa = PBXContainerItemProxy;
			containerPortal = 607FACC81AFB9204008FA782 /* Project object */;
			proxyType = 1;
			remoteGlobalIDString = 607FACCF1AFB9204008FA782;
			remoteInfo = klashapay;
		};
/* End PBXContainerItemProxy section */

/* Begin PBXFileReference section */
		14932369CC83577781273092 /* LICENSE */ = {isa = PBXFileReference; includeInIndex = 1; lastKnownFileType = text; name = LICENSE; path = ../LICENSE; sourceTree = "<group>"; };
		19999C2B20E67E0313203B2D /* Pods_klashapay_Example.framework */ = {isa = PBXFileReference; explicitFileType = wrapper.framework; includeInIndex = 0; path = Pods_klashapay_Example.framework; sourceTree = BUILT_PRODUCTS_DIR; };
		4CCD5F6E75D114468B06E661 /* klashapay.podspec */ = {isa = PBXFileReference; includeInIndex = 1; lastKnownFileType = text; name = klashapay.podspec; path = ../klashapay.podspec; sourceTree = "<group>"; xcLanguageSpecificationIdentifier = xcode.lang.ruby; };
		5E61E0F757AA1FE5A720BAB2 /* Pods-klashapay_Tests.release.xcconfig */ = {isa = PBXFileReference; includeInIndex = 1; lastKnownFileType = text.xcconfig; name = "Pods-klashapay_Tests.release.xcconfig"; path = "Target Support Files/Pods-klashapay_Tests/Pods-klashapay_Tests.release.xcconfig"; sourceTree = "<group>"; };
		607FACD01AFB9204008FA782 /* klashapay_Example.app */ = {isa = PBXFileReference; explicitFileType = wrapper.application; includeInIndex = 0; path = klashapay_Example.app; sourceTree = BUILT_PRODUCTS_DIR; };
		607FACD41AFB9204008FA782 /* Info.plist */ = {isa = PBXFileReference; lastKnownFileType = text.plist.xml; path = Info.plist; sourceTree = "<group>"; };
		607FACD51AFB9204008FA782 /* AppDelegate.swift */ = {isa = PBXFileReference; lastKnownFileType = sourcecode.swift; path = AppDelegate.swift; sourceTree = "<group>"; };
		607FACD71AFB9204008FA782 /* ViewController.swift */ = {isa = PBXFileReference; lastKnownFileType = sourcecode.swift; path = ViewController.swift; sourceTree = "<group>"; };
		607FACDA1AFB9204008FA782 /* Base */ = {isa = PBXFileReference; lastKnownFileType = file.storyboard; name = Base; path = Base.lproj/Main.storyboard; sourceTree = "<group>"; };
		607FACDC1AFB9204008FA782 /* Images.xcassets */ = {isa = PBXFileReference; lastKnownFileType = folder.assetcatalog; path = Images.xcassets; sourceTree = "<group>"; };
		607FACDF1AFB9204008FA782 /* Base */ = {isa = PBXFileReference; lastKnownFileType = file.xib; name = Base; path = Base.lproj/LaunchScreen.xib; sourceTree = "<group>"; };
		607FACE51AFB9204008FA782 /* klashapay_Tests.xctest */ = {isa = PBXFileReference; explicitFileType = wrapper.cfbundle; includeInIndex = 0; path = klashapay_Tests.xctest; sourceTree = BUILT_PRODUCTS_DIR; };
		607FACEA1AFB9204008FA782 /* Info.plist */ = {isa = PBXFileReference; lastKnownFileType = text.plist.xml; path = Info.plist; sourceTree = "<group>"; };
		607FACEB1AFB9204008FA782 /* Tests.swift */ = {isa = PBXFileReference; lastKnownFileType = sourcecode.swift; path = Tests.swift; sourceTree = "<group>"; };
		674DF8881F2E949E95E8CF62 /* Pods_klashapay_Tests.framework */ = {isa = PBXFileReference; explicitFileType = wrapper.framework; includeInIndex = 0; path = Pods_klashapay_Tests.framework; sourceTree = BUILT_PRODUCTS_DIR; };
		73317AEBB79ABC0B2DCB1E86 /* Pods-klashapay_Tests.debug.xcconfig */ = {isa = PBXFileReference; includeInIndex = 1; lastKnownFileType = text.xcconfig; name = "Pods-klashapay_Tests.debug.xcconfig"; path = "Target Support Files/Pods-klashapay_Tests/Pods-klashapay_Tests.debug.xcconfig"; sourceTree = "<group>"; };
		95846554AB1C7E38D733476B /* Pods-klashapay_Example.release.xcconfig */ = {isa = PBXFileReference; includeInIndex = 1; lastKnownFileType = text.xcconfig; name = "Pods-klashapay_Example.release.xcconfig"; path = "Target Support Files/Pods-klashapay_Example/Pods-klashapay_Example.release.xcconfig"; sourceTree = "<group>"; };
		9D5551648A98DBD1785035DD /* README.md */ = {isa = PBXFileReference; includeInIndex = 1; lastKnownFileType = net.daringfireball.markdown; name = README.md; path = ../README.md; sourceTree = "<group>"; };
		A02B3F7926BB62DB00B23AA1 /* Extensions.swift */ = {isa = PBXFileReference; lastKnownFileType = sourcecode.swift; path = Extensions.swift; sourceTree = "<group>"; };
		A02B3FBD26BFF4C200B23AA1 /* Images.xcassets */ = {isa = PBXFileReference; lastKnownFileType = folder.assetcatalog; name = Images.xcassets; path = klashapay/Images.xcassets; sourceTree = "<group>"; };
		E5DEDBA5496537D042D134B1 /* Pods-klashapay_Example.debug.xcconfig */ = {isa = PBXFileReference; includeInIndex = 1; lastKnownFileType = text.xcconfig; name = "Pods-klashapay_Example.debug.xcconfig"; path = "Target Support Files/Pods-klashapay_Example/Pods-klashapay_Example.debug.xcconfig"; sourceTree = "<group>"; };
/* End PBXFileReference section */

/* Begin PBXFrameworksBuildPhase section */
		607FACCD1AFB9204008FA782 /* Frameworks */ = {
			isa = PBXFrameworksBuildPhase;
			buildActionMask = 2147483647;
			files = (
				E0A493C6F09E099364C15664 /* Pods_klashapay_Example.framework in Frameworks */,
			);
			runOnlyForDeploymentPostprocessing = 0;
		};
		607FACE21AFB9204008FA782 /* Frameworks */ = {
			isa = PBXFrameworksBuildPhase;
			buildActionMask = 2147483647;
			files = (
				A2B7C1870F48AAE870868CC8 /* Pods_klashapay_Tests.framework in Frameworks */,
			);
			runOnlyForDeploymentPostprocessing = 0;
		};
/* End PBXFrameworksBuildPhase section */

/* Begin PBXGroup section */
		57A0E5F2387A9F235C4F00B9 /* Frameworks */ = {
			isa = PBXGroup;
			children = (
				19999C2B20E67E0313203B2D /* Pods_klashapay_Example.framework */,
				674DF8881F2E949E95E8CF62 /* Pods_klashapay_Tests.framework */,
			);
			name = Frameworks;
			sourceTree = "<group>";
		};
		607FACC71AFB9204008FA782 = {
			isa = PBXGroup;
			children = (
				A02B3FBD26BFF4C200B23AA1 /* Images.xcassets */,
				607FACF51AFB993E008FA782 /* Podspec Metadata */,
				607FACD21AFB9204008FA782 /* Example for klashapay */,
				607FACE81AFB9204008FA782 /* Tests */,
				607FACD11AFB9204008FA782 /* Products */,
				8F6DD220E871AF8EC73D28A9 /* Pods */,
				57A0E5F2387A9F235C4F00B9 /* Frameworks */,
			);
			sourceTree = "<group>";
		};
		607FACD11AFB9204008FA782 /* Products */ = {
			isa = PBXGroup;
			children = (
				607FACD01AFB9204008FA782 /* klashapay_Example.app */,
				607FACE51AFB9204008FA782 /* klashapay_Tests.xctest */,
			);
			name = Products;
			sourceTree = "<group>";
		};
		607FACD21AFB9204008FA782 /* Example for klashapay */ = {
			isa = PBXGroup;
			children = (
				607FACD51AFB9204008FA782 /* AppDelegate.swift */,
				607FACD71AFB9204008FA782 /* ViewController.swift */,
				607FACD91AFB9204008FA782 /* Main.storyboard */,
				607FACDC1AFB9204008FA782 /* Images.xcassets */,
				607FACDE1AFB9204008FA782 /* LaunchScreen.xib */,
				607FACD31AFB9204008FA782 /* Supporting Files */,
				A02B3F7926BB62DB00B23AA1 /* Extensions.swift */,
			);
			name = "Example for klashapay";
			path = klashapay;
			sourceTree = "<group>";
		};
		607FACD31AFB9204008FA782 /* Supporting Files */ = {
			isa = PBXGroup;
			children = (
				607FACD41AFB9204008FA782 /* Info.plist */,
			);
			name = "Supporting Files";
			sourceTree = "<group>";
		};
		607FACE81AFB9204008FA782 /* Tests */ = {
			isa = PBXGroup;
			children = (
				607FACEB1AFB9204008FA782 /* Tests.swift */,
				607FACE91AFB9204008FA782 /* Supporting Files */,
			);
			path = Tests;
			sourceTree = "<group>";
		};
		607FACE91AFB9204008FA782 /* Supporting Files */ = {
			isa = PBXGroup;
			children = (
				607FACEA1AFB9204008FA782 /* Info.plist */,
			);
			name = "Supporting Files";
			sourceTree = "<group>";
		};
		607FACF51AFB993E008FA782 /* Podspec Metadata */ = {
			isa = PBXGroup;
			children = (
				4CCD5F6E75D114468B06E661 /* klashapay.podspec */,
				9D5551648A98DBD1785035DD /* README.md */,
				14932369CC83577781273092 /* LICENSE */,
			);
			name = "Podspec Metadata";
			sourceTree = "<group>";
		};
		8F6DD220E871AF8EC73D28A9 /* Pods */ = {
			isa = PBXGroup;
			children = (
				E5DEDBA5496537D042D134B1 /* Pods-klashapay_Example.debug.xcconfig */,
				95846554AB1C7E38D733476B /* Pods-klashapay_Example.release.xcconfig */,
				73317AEBB79ABC0B2DCB1E86 /* Pods-klashapay_Tests.debug.xcconfig */,
				5E61E0F757AA1FE5A720BAB2 /* Pods-klashapay_Tests.release.xcconfig */,
			);
			path = Pods;
			sourceTree = "<group>";
		};
/* End PBXGroup section */

/* Begin PBXNativeTarget section */
		607FACCF1AFB9204008FA782 /* klashapay_Example */ = {
			isa = PBXNativeTarget;
			buildConfigurationList = 607FACEF1AFB9204008FA782 /* Build configuration list for PBXNativeTarget "klashapay_Example" */;
			buildPhases = (
				FE14B847B89DB297FF8E9DFD /* [CP] Check Pods Manifest.lock */,
				607FACCC1AFB9204008FA782 /* Sources */,
				607FACCD1AFB9204008FA782 /* Frameworks */,
				607FACCE1AFB9204008FA782 /* Resources */,
				F0AD564F92CFE3F7924C722F /* [CP] Copy Pods Resources */,
			);
			buildRules = (
			);
			dependencies = (
			);
			name = klashapay_Example;
			productName = klashapay;
			productReference = 607FACD01AFB9204008FA782 /* klashapay_Example.app */;
			productType = "com.apple.product-type.application";
		};
		607FACE41AFB9204008FA782 /* klashapay_Tests */ = {
			isa = PBXNativeTarget;
			buildConfigurationList = 607FACF21AFB9204008FA782 /* Build configuration list for PBXNativeTarget "klashapay_Tests" */;
			buildPhases = (
				5ED691A155425F405CD22993 /* [CP] Check Pods Manifest.lock */,
				607FACE11AFB9204008FA782 /* Sources */,
				607FACE21AFB9204008FA782 /* Frameworks */,
				607FACE31AFB9204008FA782 /* Resources */,
			);
			buildRules = (
			);
			dependencies = (
				607FACE71AFB9204008FA782 /* PBXTargetDependency */,
			);
			name = klashapay_Tests;
			productName = Tests;
			productReference = 607FACE51AFB9204008FA782 /* klashapay_Tests.xctest */;
			productType = "com.apple.product-type.bundle.unit-test";
		};
/* End PBXNativeTarget section */

/* Begin PBXProject section */
		607FACC81AFB9204008FA782 /* Project object */ = {
			isa = PBXProject;
			attributes = {
				LastSwiftUpdateCheck = 0830;
				LastUpgradeCheck = 0830;
				ORGANIZATIONNAME = CocoaPods;
				TargetAttributes = {
					607FACCF1AFB9204008FA782 = {
						CreatedOnToolsVersion = 6.3.1;
						DevelopmentTeam = 52W4N2R6DA;
						LastSwiftMigration = 0900;
						ProvisioningStyle = Automatic;
					};
					607FACE41AFB9204008FA782 = {
						CreatedOnToolsVersion = 6.3.1;
						LastSwiftMigration = 0900;
						TestTargetID = 607FACCF1AFB9204008FA782;
					};
				};
			};
			buildConfigurationList = 607FACCB1AFB9204008FA782 /* Build configuration list for PBXProject "klashapay" */;
			compatibilityVersion = "Xcode 3.2";
			developmentRegion = English;
			hasScannedForEncodings = 0;
			knownRegions = (
				English,
				en,
				Base,
			);
			mainGroup = 607FACC71AFB9204008FA782;
			productRefGroup = 607FACD11AFB9204008FA782 /* Products */;
			projectDirPath = "";
			projectRoot = "";
			targets = (
				607FACCF1AFB9204008FA782 /* klashapay_Example */,
				607FACE41AFB9204008FA782 /* klashapay_Tests */,
			);
		};
/* End PBXProject section */

/* Begin PBXResourcesBuildPhase section */
		607FACCE1AFB9204008FA782 /* Resources */ = {
			isa = PBXResourcesBuildPhase;
			buildActionMask = 2147483647;
			files = (
				607FACDD1AFB9204008FA782 /* Images.xcassets in Resources */,
				607FACDB1AFB9204008FA782 /* Main.storyboard in Resources */,
				607FACE01AFB9204008FA782 /* LaunchScreen.xib in Resources */,
			);
			runOnlyForDeploymentPostprocessing = 0;
		};
		607FACE31AFB9204008FA782 /* Resources */ = {
			isa = PBXResourcesBuildPhase;
			buildActionMask = 2147483647;
			files = (
			);
			runOnlyForDeploymentPostprocessing = 0;
		};
/* End PBXResourcesBuildPhase section */

/* Begin PBXShellScriptBuildPhase section */
		5ED691A155425F405CD22993 /* [CP] Check Pods Manifest.lock */ = {
			isa = PBXShellScriptBuildPhase;
			buildActionMask = 2147483647;
			files = (
			);
			inputFileListPaths = (
			);
			inputPaths = (
				"${PODS_PODFILE_DIR_PATH}/Podfile.lock",
				"${PODS_ROOT}/Manifest.lock",
			);
			name = "[CP] Check Pods Manifest.lock";
			outputFileListPaths = (
			);
			outputPaths = (
				"$(DERIVED_FILE_DIR)/Pods-klashapay_Tests-checkManifestLockResult.txt",
			);
			runOnlyForDeploymentPostprocessing = 0;
			shellPath = /bin/sh;
			shellScript = "diff \"${PODS_PODFILE_DIR_PATH}/Podfile.lock\" \"${PODS_ROOT}/Manifest.lock\" > /dev/null\nif [ $? != 0 ] ; then\n    # print error to STDERR\n    echo \"error: The sandbox is not in sync with the Podfile.lock. Run 'pod install' or update your CocoaPods installation.\" >&2\n    exit 1\nfi\n# This output is used by Xcode 'outputs' to avoid re-running this script phase.\necho \"SUCCESS\" > \"${SCRIPT_OUTPUT_FILE_0}\"\n";
			showEnvVarsInLog = 0;
		};
		F0AD564F92CFE3F7924C722F /* [CP] Copy Pods Resources */ = {
			isa = PBXShellScriptBuildPhase;
			buildActionMask = 2147483647;
			files = (
			);
			inputPaths = (
				"${PODS_ROOT}/Target Support Files/Pods-klashapay_Example/Pods-klashapay_Example-resources.sh",
				"${PODS_ROOT}/../../klashapay/Assets/Assets.xcassets/Amex.imageset/Amex.png",
				"${PODS_ROOT}/../../klashapay/Assets/Assets.xcassets/Amex.imageset/Amex@2x.png",
				"${PODS_ROOT}/../../klashapay/Assets/Assets.xcassets/Amex.imageset/Amex@3x.png",
				"${PODS_ROOT}/../../klashapay/Assets/Assets.xcassets/Amex.imageset/Contents.json",
				"${PODS_ROOT}/../../klashapay/Assets/Assets.xcassets/bank.imageset/bank.png",
				"${PODS_ROOT}/../../klashapay/Assets/Assets.xcassets/bank.imageset/bank@2x.png",
				"${PODS_ROOT}/../../klashapay/Assets/Assets.xcassets/bank.imageset/bank@3x.png",
				"${PODS_ROOT}/../../klashapay/Assets/Assets.xcassets/bank.imageset/Contents.json",
				"${PODS_ROOT}/../../klashapay/Assets/Assets.xcassets/card.imageset/card.png",
				"${PODS_ROOT}/../../klashapay/Assets/Assets.xcassets/card.imageset/card@2x.png",
				"${PODS_ROOT}/../../klashapay/Assets/Assets.xcassets/card.imageset/card@3x.png",
				"${PODS_ROOT}/../../klashapay/Assets/Assets.xcassets/card.imageset/Contents.json",
				"${PODS_ROOT}/../../klashapay/Assets/Assets.xcassets/Contents.json",
				"${PODS_ROOT}/../../klashapay/Assets/Assets.xcassets/Diners.imageset/Contents.json",
				"${PODS_ROOT}/../../klashapay/Assets/Assets.xcassets/Diners.imageset/Diners.png",
				"${PODS_ROOT}/../../klashapay/Assets/Assets.xcassets/Diners.imageset/Diners@2x.png",
				"${PODS_ROOT}/../../klashapay/Assets/Assets.xcassets/Diners.imageset/Diners@3x.png",
				"${PODS_ROOT}/../../klashapay/Assets/Assets.xcassets/Elo.imageset/Contents.json",
				"${PODS_ROOT}/../../klashapay/Assets/Assets.xcassets/Elo.imageset/Elo.png",
				"${PODS_ROOT}/../../klashapay/Assets/Assets.xcassets/Elo.imageset/Elo@2x.png",
				"${PODS_ROOT}/../../klashapay/Assets/Assets.xcassets/Elo.imageset/Elo@3x.png",
				"${PODS_ROOT}/../../klashapay/Assets/Assets.xcassets/fail.imageset/Contents.json",
				"${PODS_ROOT}/../../klashapay/Assets/Assets.xcassets/fail.imageset/success.png",
				"${PODS_ROOT}/../../klashapay/Assets/Assets.xcassets/fail.imageset/success@2x.png",
				"${PODS_ROOT}/../../klashapay/Assets/Assets.xcassets/fail.imageset/success@3x.png",
				"${PODS_ROOT}/../../klashapay/Assets/Assets.xcassets/FlutterwaveScreenshot.imageset/Contents.json",
				"${PODS_ROOT}/../../klashapay/Assets/Assets.xcassets/FlutterwaveScreenshot.imageset/FlutterwaveScreenshot.png",
				"${PODS_ROOT}/../../klashapay/Assets/Assets.xcassets/Hipercard.imageset/Contents.json",
				"${PODS_ROOT}/../../klashapay/Assets/Assets.xcassets/Hipercard.imageset/Hipercard.png",
				"${PODS_ROOT}/../../klashapay/Assets/Assets.xcassets/Hipercard.imageset/Hipercard@2x.png",
				"${PODS_ROOT}/../../klashapay/Assets/Assets.xcassets/Hipercard.imageset/Hipercard@3x.png",
				"${PODS_ROOT}/../../klashapay/Assets/Assets.xcassets/Info.dataset/Contents.json",
				"${PODS_ROOT}/../../klashapay/Assets/Assets.xcassets/JCB.imageset/Contents.json",
				"${PODS_ROOT}/../../klashapay/Assets/Assets.xcassets/JCB.imageset/JCB.png",
				"${PODS_ROOT}/../../klashapay/Assets/Assets.xcassets/JCB.imageset/JCB@2x.png",
				"${PODS_ROOT}/../../klashapay/Assets/Assets.xcassets/JCB.imageset/JCB@3x.png",
				"${PODS_ROOT}/../../klashapay/Assets/Assets.xcassets/klasha.imageset/Contents.json",
				"${PODS_ROOT}/../../klashapay/Assets/Assets.xcassets/klasha.imageset/klasha.png",
				"${PODS_ROOT}/../../klashapay/Assets/Assets.xcassets/klasha.imageset/klasha@2x.png",
				"${PODS_ROOT}/../../klashapay/Assets/Assets.xcassets/klasha.imageset/klasha@3x.png",
				"${PODS_ROOT}/../../klashapay/Assets/Assets.xcassets/Loader_WY.dataset/Contents.json",
				"${PODS_ROOT}/../../klashapay/Assets/Assets.xcassets/Loader_WY.dataset/Loader_WY.json",
				"${PODS_ROOT}/../../klashapay/Assets/Assets.xcassets/Loader_YB.dataset/Contents.json",
				"${PODS_ROOT}/../../klashapay/Assets/Assets.xcassets/Loader_YB.dataset/Loader_YB.json",
				"${PODS_ROOT}/../../klashapay/Assets/Assets.xcassets/Loader_YW.dataset/Contents.json",
				"${PODS_ROOT}/../../klashapay/Assets/Assets.xcassets/Loader_YW.dataset/Loader_YW.json",
				"${PODS_ROOT}/../../klashapay/Assets/Assets.xcassets/Mastercard-1.imageset/Contents.json",
				"${PODS_ROOT}/../../klashapay/Assets/Assets.xcassets/Mastercard-1.imageset/Mastercard@3x.png",
				"${PODS_ROOT}/../../klashapay/Assets/Assets.xcassets/MasterCard.imageset/Contents.json",
				"${PODS_ROOT}/../../klashapay/Assets/Assets.xcassets/MasterCard.imageset/MasterCard.png",
				"${PODS_ROOT}/../../klashapay/Assets/Assets.xcassets/MasterCard.imageset/MasterCard@2x.png",
				"${PODS_ROOT}/../../klashapay/Assets/Assets.xcassets/phone.imageset/Contents.json",
				"${PODS_ROOT}/../../klashapay/Assets/Assets.xcassets/phone.imageset/phone.png",
				"${PODS_ROOT}/../../klashapay/Assets/Assets.xcassets/phone.imageset/phone@2x.png",
				"${PODS_ROOT}/../../klashapay/Assets/Assets.xcassets/phone.imageset/phone@3x.png",
				"${PODS_ROOT}/../../klashapay/Assets/Assets.xcassets/rave-verve.imageset/Contents.json",
				"${PODS_ROOT}/../../klashapay/Assets/Assets.xcassets/rave-verve.imageset/rave-verve.png",
				"${PODS_ROOT}/../../klashapay/Assets/Assets.xcassets/rave-verve.imageset/rave-verve@2x.png",
				"${PODS_ROOT}/../../klashapay/Assets/Assets.xcassets/rave-verve.imageset/rave-verve@3x.png",
				"${PODS_ROOT}/../../klashapay/Assets/Assets.xcassets/rave_access.imageset/Contents.json",
				"${PODS_ROOT}/../../klashapay/Assets/Assets.xcassets/rave_access.imageset/rave_access.png",
				"${PODS_ROOT}/../../klashapay/Assets/Assets.xcassets/rave_access.imageset/rave_access@2x.png",
				"${PODS_ROOT}/../../klashapay/Assets/Assets.xcassets/rave_access.imageset/rave_access@3x.png",
				"${PODS_ROOT}/../../klashapay/Assets/Assets.xcassets/rave_access2.imageset/Contents.json",
				"${PODS_ROOT}/../../klashapay/Assets/Assets.xcassets/rave_access2.imageset/rave_access2.png",
				"${PODS_ROOT}/../../klashapay/Assets/Assets.xcassets/rave_access2.imageset/rave_access2@2x.png",
				"${PODS_ROOT}/../../klashapay/Assets/Assets.xcassets/rave_access2.imageset/rave_access2@3x.png",
				"${PODS_ROOT}/../../klashapay/Assets/Assets.xcassets/rave_camera_icon.imageset/Contents.json",
				"${PODS_ROOT}/../../klashapay/Assets/Assets.xcassets/rave_camera_icon.imageset/rave_camera_icon.png",
				"${PODS_ROOT}/../../klashapay/Assets/Assets.xcassets/rave_camera_icon.imageset/rave_camera_icon@2x.png",
				"${PODS_ROOT}/../../klashapay/Assets/Assets.xcassets/rave_camera_icon.imageset/rave_camera_icon@3x.png",
				"${PODS_ROOT}/../../klashapay/Assets/Assets.xcassets/rave_check_box.imageset/Contents.json",
				"${PODS_ROOT}/../../klashapay/Assets/Assets.xcassets/rave_check_box.imageset/rave_check_box.png",
				"${PODS_ROOT}/../../klashapay/Assets/Assets.xcassets/rave_check_box.imageset/rave_check_box@2x.png",
				"${PODS_ROOT}/../../klashapay/Assets/Assets.xcassets/rave_check_box.imageset/rave_check_box@3x.png",
				"${PODS_ROOT}/../../klashapay/Assets/Assets.xcassets/rave_close.imageset/Contents.json",
				"${PODS_ROOT}/../../klashapay/Assets/Assets.xcassets/rave_close.imageset/rave_close.png",
				"${PODS_ROOT}/../../klashapay/Assets/Assets.xcassets/rave_close.imageset/rave_close@2x.png",
				"${PODS_ROOT}/../../klashapay/Assets/Assets.xcassets/rave_close.imageset/rave_close@3x.png",
				"${PODS_ROOT}/../../klashapay/Assets/Assets.xcassets/rave_copy_icon.imageset/Contents.json",
				"${PODS_ROOT}/../../klashapay/Assets/Assets.xcassets/rave_copy_icon.imageset/rave_copy_icon.png",
				"${PODS_ROOT}/../../klashapay/Assets/Assets.xcassets/rave_copy_icon.imageset/rave_copy_icon@2x.png",
				"${PODS_ROOT}/../../klashapay/Assets/Assets.xcassets/rave_copy_icon.imageset/rave_copy_icon@3x.png",
				"${PODS_ROOT}/../../klashapay/Assets/Assets.xcassets/rave_correct_icon.imageset/Contents.json",
				"${PODS_ROOT}/../../klashapay/Assets/Assets.xcassets/rave_correct_icon.imageset/rave_correct_icon.png",
				"${PODS_ROOT}/../../klashapay/Assets/Assets.xcassets/rave_correct_icon.imageset/rave_correct_icon@2x.png",
				"${PODS_ROOT}/../../klashapay/Assets/Assets.xcassets/rave_correct_icon.imageset/rave_correct_icon@3x.png",
				"${PODS_ROOT}/../../klashapay/Assets/Assets.xcassets/rave_credit_card.imageset/Contents.json",
				"${PODS_ROOT}/../../klashapay/Assets/Assets.xcassets/rave_credit_card.imageset/rave_credit_card.png",
				"${PODS_ROOT}/../../klashapay/Assets/Assets.xcassets/rave_credit_card.imageset/rave_credit_card@2x.png",
				"${PODS_ROOT}/../../klashapay/Assets/Assets.xcassets/rave_credit_card.imageset/rave_credit_card@3x.png",
				"${PODS_ROOT}/../../klashapay/Assets/Assets.xcassets/rave_down_arrow.imageset/Contents.json",
				"${PODS_ROOT}/../../klashapay/Assets/Assets.xcassets/rave_down_arrow.imageset/rave_down_arrow.png",
				"${PODS_ROOT}/../../klashapay/Assets/Assets.xcassets/rave_down_arrow.imageset/rave_down_arrow@2x.png",
				"${PODS_ROOT}/../../klashapay/Assets/Assets.xcassets/rave_down_arrow.imageset/rave_down_arrow@3x.png",
				"${PODS_ROOT}/../../klashapay/Assets/Assets.xcassets/rave_ecobank.imageset/Contents.json",
				"${PODS_ROOT}/../../klashapay/Assets/Assets.xcassets/rave_ecobank.imageset/rave_ecobank.png",
				"${PODS_ROOT}/../../klashapay/Assets/Assets.xcassets/rave_error_icon.imageset/Contents.json",
				"${PODS_ROOT}/../../klashapay/Assets/Assets.xcassets/rave_error_icon.imageset/rave_error_icon.png",
				"${PODS_ROOT}/../../klashapay/Assets/Assets.xcassets/rave_error_icon.imageset/rave_error_icon@2x.png",
				"${PODS_ROOT}/../../klashapay/Assets/Assets.xcassets/rave_error_icon.imageset/rave_error_icon@3x.png",
				"${PODS_ROOT}/../../klashapay/Assets/Assets.xcassets/rave_fcmb.imageset/Contents.json",
				"${PODS_ROOT}/../../klashapay/Assets/Assets.xcassets/rave_fcmb.imageset/rave_fcmb.png",
				"${PODS_ROOT}/../../klashapay/Assets/Assets.xcassets/rave_fcmb.imageset/rave_fcmb@2x.png",
				"${PODS_ROOT}/../../klashapay/Assets/Assets.xcassets/rave_fcmb.imageset/rave_fcmb@3x.png",
				"${PODS_ROOT}/../../klashapay/Assets/Assets.xcassets/rave_firstbank.imageset/Contents.json",
				"${PODS_ROOT}/../../klashapay/Assets/Assets.xcassets/rave_firstbank.imageset/rave_firstbank.png",
				"${PODS_ROOT}/../../klashapay/Assets/Assets.xcassets/rave_firstbank.imageset/rave_firstbank@2x.png",
				"${PODS_ROOT}/../../klashapay/Assets/Assets.xcassets/rave_firstbank.imageset/rave_firstbank@3x.png",
				"${PODS_ROOT}/../../klashapay/Assets/Assets.xcassets/rave_fsdh.imageset/Contents.json",
				"${PODS_ROOT}/../../klashapay/Assets/Assets.xcassets/rave_fsdh.imageset/rave_fsdh.png",
				"${PODS_ROOT}/../../klashapay/Assets/Assets.xcassets/rave_gtb.imageset/Contents.json",
				"${PODS_ROOT}/../../klashapay/Assets/Assets.xcassets/rave_gtb.imageset/rave_gtb.png",
				"${PODS_ROOT}/../../klashapay/Assets/Assets.xcassets/rave_gtb.imageset/rave_gtb@2x.png",
				"${PODS_ROOT}/../../klashapay/Assets/Assets.xcassets/rave_gtb.imageset/rave_gtb@3x.png",
				"${PODS_ROOT}/../../klashapay/Assets/Assets.xcassets/rave_mastercard.imageset/Contents.json",
				"${PODS_ROOT}/../../klashapay/Assets/Assets.xcassets/rave_mastercard.imageset/rave_mastercard.png",
				"${PODS_ROOT}/../../klashapay/Assets/Assets.xcassets/rave_mastercard.imageset/rave_mastercard@2x.png",
				"${PODS_ROOT}/../../klashapay/Assets/Assets.xcassets/rave_mastercard.imageset/rave_mastercard@3x.png",
				"${PODS_ROOT}/../../klashapay/Assets/Assets.xcassets/rave_padlock.imageset/Contents.json",
				"${PODS_ROOT}/../../klashapay/Assets/Assets.xcassets/rave_padlock.imageset/rave_padlock.png",
				"${PODS_ROOT}/../../klashapay/Assets/Assets.xcassets/rave_padlock.imageset/rave_padlock@2x.png",
				"${PODS_ROOT}/../../klashapay/Assets/Assets.xcassets/rave_padlock.imageset/rave_padlock@3x.png",
				"${PODS_ROOT}/../../klashapay/Assets/Assets.xcassets/rave_polaris.imageset/Contents.json",
				"${PODS_ROOT}/../../klashapay/Assets/Assets.xcassets/rave_polaris.imageset/rave_polaris.png",
				"${PODS_ROOT}/../../klashapay/Assets/Assets.xcassets/rave_providus.imageset/Contents.json",
				"${PODS_ROOT}/../../klashapay/Assets/Assets.xcassets/rave_providus.imageset/rave_providus.png",
				"${PODS_ROOT}/../../klashapay/Assets/Assets.xcassets/rave_providus.imageset/rave_providus@2x.png",
				"${PODS_ROOT}/../../klashapay/Assets/Assets.xcassets/rave_providus.imageset/rave_providus@3x.png",
				"${PODS_ROOT}/../../klashapay/Assets/Assets.xcassets/rave_providus2.imageset/Contents.json",
				"${PODS_ROOT}/../../klashapay/Assets/Assets.xcassets/rave_providus2.imageset/rave_providus2.png",
				"${PODS_ROOT}/../../klashapay/Assets/Assets.xcassets/rave_providus2.imageset/rave_providus2@2x.png",
				"${PODS_ROOT}/../../klashapay/Assets/Assets.xcassets/rave_providus2.imageset/rave_providus2@3x.png",
				"${PODS_ROOT}/../../klashapay/Assets/Assets.xcassets/rave_question_mark.imageset/Contents.json",
				"${PODS_ROOT}/../../klashapay/Assets/Assets.xcassets/rave_question_mark.imageset/rave_question_mark.png",
				"${PODS_ROOT}/../../klashapay/Assets/Assets.xcassets/rave_question_mark.imageset/rave_question_mark@2x.png",
				"${PODS_ROOT}/../../klashapay/Assets/Assets.xcassets/rave_question_mark.imageset/rave_question_mark@3x.png",
				"${PODS_ROOT}/../../klashapay/Assets/Assets.xcassets/rave_skye.imageset/Contents.json",
				"${PODS_ROOT}/../../klashapay/Assets/Assets.xcassets/rave_skye.imageset/rave_skye.png",
				"${PODS_ROOT}/../../klashapay/Assets/Assets.xcassets/rave_sterling.imageset/Contents.json",
				"${PODS_ROOT}/../../klashapay/Assets/Assets.xcassets/rave_sterling.imageset/rave_sterling.png",
				"${PODS_ROOT}/../../klashapay/Assets/Assets.xcassets/rave_sterling.imageset/rave_sterling@2x.png",
				"${PODS_ROOT}/../../klashapay/Assets/Assets.xcassets/rave_sterling.imageset/rave_sterling@3x.png",
				"${PODS_ROOT}/../../klashapay/Assets/Assets.xcassets/rave_uba.imageset/Contents.json",
				"${PODS_ROOT}/../../klashapay/Assets/Assets.xcassets/rave_uba.imageset/rave_uba.png",
				"${PODS_ROOT}/../../klashapay/Assets/Assets.xcassets/rave_uba.imageset/rave_uba@2x.png",
				"${PODS_ROOT}/../../klashapay/Assets/Assets.xcassets/rave_uba.imageset/rave_uba@3x.png",
				"${PODS_ROOT}/../../klashapay/Assets/Assets.xcassets/rave_unchecked_box.imageset/Contents.json",
				"${PODS_ROOT}/../../klashapay/Assets/Assets.xcassets/rave_unchecked_box.imageset/rave_unchecked_box.png",
				"${PODS_ROOT}/../../klashapay/Assets/Assets.xcassets/rave_unchecked_box.imageset/rave_unchecked_box@2x.png",
				"${PODS_ROOT}/../../klashapay/Assets/Assets.xcassets/rave_unchecked_box.imageset/rave_unchecked_box@3x.png",
				"${PODS_ROOT}/../../klashapay/Assets/Assets.xcassets/rave_unity.imageset/Contents.json",
				"${PODS_ROOT}/../../klashapay/Assets/Assets.xcassets/rave_unity.imageset/rave_unity.png",
				"${PODS_ROOT}/../../klashapay/Assets/Assets.xcassets/rave_unity.imageset/rave_unity@2x.png",
				"${PODS_ROOT}/../../klashapay/Assets/Assets.xcassets/rave_unity.imageset/rave_unity@3x.png",
				"${PODS_ROOT}/../../klashapay/Assets/Assets.xcassets/rave_up_arrow.imageset/Contents.json",
				"${PODS_ROOT}/../../klashapay/Assets/Assets.xcassets/rave_up_arrow.imageset/rave_up_arrow.png",
				"${PODS_ROOT}/../../klashapay/Assets/Assets.xcassets/rave_up_arrow.imageset/rave_up_arrow@2x.png",
				"${PODS_ROOT}/../../klashapay/Assets/Assets.xcassets/rave_up_arrow.imageset/rave_up_arrow@3x.png",
				"${PODS_ROOT}/../../klashapay/Assets/Assets.xcassets/rave_visa.imageset/Contents.json",
				"${PODS_ROOT}/../../klashapay/Assets/Assets.xcassets/rave_visa.imageset/rave_visa.png",
				"${PODS_ROOT}/../../klashapay/Assets/Assets.xcassets/rave_visa.imageset/rave_visa@2x.png",
				"${PODS_ROOT}/../../klashapay/Assets/Assets.xcassets/rave_visa.imageset/rave_visa@3x.png",
				"${PODS_ROOT}/../../klashapay/Assets/Assets.xcassets/rave_zenith.imageset/Contents.json",
				"${PODS_ROOT}/../../klashapay/Assets/Assets.xcassets/rave_zenith.imageset/rave_zenith.png",
				"${PODS_ROOT}/../../klashapay/Assets/Assets.xcassets/rave_zenith.imageset/rave_zenith@2x.png",
				"${PODS_ROOT}/../../klashapay/Assets/Assets.xcassets/rave_zenith.imageset/rave_zenith@3x.png",
				"${PODS_ROOT}/../../klashapay/Assets/Assets.xcassets/Rectangle 4.imageset/Contents.json",
				"${PODS_ROOT}/../../klashapay/Assets/Assets.xcassets/Rectangle 4.imageset/Rectangle 4.png",
				"${PODS_ROOT}/../../klashapay/Assets/Assets.xcassets/Rectangle 4.imageset/Rectangle 4@2x.png",
				"${PODS_ROOT}/../../klashapay/Assets/Assets.xcassets/Rectangle 4.imageset/Rectangle 4@3x.png",
				"${PODS_ROOT}/../../klashapay/Assets/Assets.xcassets/success.imageset/Contents.json",
				"${PODS_ROOT}/../../klashapay/Assets/Assets.xcassets/success.imageset/fail.png",
				"${PODS_ROOT}/../../klashapay/Assets/Assets.xcassets/success.imageset/fail@2x.png",
				"${PODS_ROOT}/../../klashapay/Assets/Assets.xcassets/success.imageset/fail@3x.png",
				"${PODS_ROOT}/../../klashapay/Assets/Assets.xcassets/UnionPay.imageset/Contents.json",
				"${PODS_ROOT}/../../klashapay/Assets/Assets.xcassets/UnionPay.imageset/UnionPay.png",
				"${PODS_ROOT}/../../klashapay/Assets/Assets.xcassets/UnionPay.imageset/UnionPay@2x.png",
				"${PODS_ROOT}/../../klashapay/Assets/Assets.xcassets/UnionPay.imageset/UnionPay@3x.png",
				"${PODS_ROOT}/../../klashapay/Assets/Assets.xcassets/UnknowCard.imageset/Contents.json",
				"${PODS_ROOT}/../../klashapay/Assets/Assets.xcassets/UnknowCard.imageset/UnknowCard@2x.png",
				"${PODS_ROOT}/../../klashapay/Assets/Assets.xcassets/UnknowCard.imageset/UnknowCard@3x.png",
				"${PODS_ROOT}/../../klashapay/Assets/Assets.xcassets/UnkownCard.imageset/Contents.json",
				"${PODS_ROOT}/../../klashapay/Assets/Assets.xcassets/UnkownCard.imageset/UnkownCard.png",
				"${PODS_ROOT}/../../klashapay/Assets/Assets.xcassets/Verve.imageset/Contents.json",
				"${PODS_ROOT}/../../klashapay/Assets/Assets.xcassets/Verve.imageset/Verve.png",
				"${PODS_ROOT}/../../klashapay/Assets/Assets.xcassets/Verve.imageset/Verve@2x.png",
				"${PODS_ROOT}/../../klashapay/Assets/Assets.xcassets/Verve.imageset/Verve@3x.png",
				"${PODS_ROOT}/../../klashapay/Assets/Assets.xcassets/Visa.imageset/Contents.json",
				"${PODS_ROOT}/../../klashapay/Assets/Assets.xcassets/Visa.imageset/Visa.png",
				"${PODS_ROOT}/../../klashapay/Assets/Assets.xcassets/Visa.imageset/Visa@2x.png",
				"${PODS_ROOT}/../../klashapay/Assets/Assets.xcassets/Visa.imageset/Visa@3x.png",
				"${PODS_ROOT}/../../klashapay/Classes/UI/Bold.ttf",
				"${PODS_ROOT}/../../klashapay/Classes/UI/Bolds.ttf",
				"${BUILT_PRODUCTS_DIR}/klashapay/klashapay.framework/KlashaSB.storyboardc",
				"${PODS_ROOT}/../../klashapay/Classes/UI/Loader.json",
				"${PODS_ROOT}/../../klashapay/Classes/UI/Regular.ttf",
				"${BUILT_PRODUCTS_DIR}/klashapay/klashapay.framework/Assets.car",
			);
			name = "[CP] Copy Pods Resources";
			outputPaths = (
				"${TARGET_BUILD_DIR}/${UNLOCALIZED_RESOURCES_FOLDER_PATH}/Amex.png",
				"${TARGET_BUILD_DIR}/${UNLOCALIZED_RESOURCES_FOLDER_PATH}/Amex@2x.png",
				"${TARGET_BUILD_DIR}/${UNLOCALIZED_RESOURCES_FOLDER_PATH}/Amex@3x.png",
				"${TARGET_BUILD_DIR}/${UNLOCALIZED_RESOURCES_FOLDER_PATH}/Contents.json",
				"${TARGET_BUILD_DIR}/${UNLOCALIZED_RESOURCES_FOLDER_PATH}/bank.png",
				"${TARGET_BUILD_DIR}/${UNLOCALIZED_RESOURCES_FOLDER_PATH}/bank@2x.png",
				"${TARGET_BUILD_DIR}/${UNLOCALIZED_RESOURCES_FOLDER_PATH}/bank@3x.png",
				"${TARGET_BUILD_DIR}/${UNLOCALIZED_RESOURCES_FOLDER_PATH}/card.png",
				"${TARGET_BUILD_DIR}/${UNLOCALIZED_RESOURCES_FOLDER_PATH}/card@2x.png",
				"${TARGET_BUILD_DIR}/${UNLOCALIZED_RESOURCES_FOLDER_PATH}/card@3x.png",
				"${TARGET_BUILD_DIR}/${UNLOCALIZED_RESOURCES_FOLDER_PATH}/Diners.png",
				"${TARGET_BUILD_DIR}/${UNLOCALIZED_RESOURCES_FOLDER_PATH}/Diners@2x.png",
				"${TARGET_BUILD_DIR}/${UNLOCALIZED_RESOURCES_FOLDER_PATH}/Diners@3x.png",
				"${TARGET_BUILD_DIR}/${UNLOCALIZED_RESOURCES_FOLDER_PATH}/Elo.png",
				"${TARGET_BUILD_DIR}/${UNLOCALIZED_RESOURCES_FOLDER_PATH}/Elo@2x.png",
				"${TARGET_BUILD_DIR}/${UNLOCALIZED_RESOURCES_FOLDER_PATH}/Elo@3x.png",
				"${TARGET_BUILD_DIR}/${UNLOCALIZED_RESOURCES_FOLDER_PATH}/success.png",
				"${TARGET_BUILD_DIR}/${UNLOCALIZED_RESOURCES_FOLDER_PATH}/success@2x.png",
				"${TARGET_BUILD_DIR}/${UNLOCALIZED_RESOURCES_FOLDER_PATH}/success@3x.png",
				"${TARGET_BUILD_DIR}/${UNLOCALIZED_RESOURCES_FOLDER_PATH}/FlutterwaveScreenshot.png",
				"${TARGET_BUILD_DIR}/${UNLOCALIZED_RESOURCES_FOLDER_PATH}/Hipercard.png",
				"${TARGET_BUILD_DIR}/${UNLOCALIZED_RESOURCES_FOLDER_PATH}/Hipercard@2x.png",
				"${TARGET_BUILD_DIR}/${UNLOCALIZED_RESOURCES_FOLDER_PATH}/Hipercard@3x.png",
				"${TARGET_BUILD_DIR}/${UNLOCALIZED_RESOURCES_FOLDER_PATH}/JCB.png",
				"${TARGET_BUILD_DIR}/${UNLOCALIZED_RESOURCES_FOLDER_PATH}/JCB@2x.png",
				"${TARGET_BUILD_DIR}/${UNLOCALIZED_RESOURCES_FOLDER_PATH}/JCB@3x.png",
				"${TARGET_BUILD_DIR}/${UNLOCALIZED_RESOURCES_FOLDER_PATH}/klasha.png",
				"${TARGET_BUILD_DIR}/${UNLOCALIZED_RESOURCES_FOLDER_PATH}/klasha@2x.png",
				"${TARGET_BUILD_DIR}/${UNLOCALIZED_RESOURCES_FOLDER_PATH}/klasha@3x.png",
				"${TARGET_BUILD_DIR}/${UNLOCALIZED_RESOURCES_FOLDER_PATH}/Loader_WY.json",
				"${TARGET_BUILD_DIR}/${UNLOCALIZED_RESOURCES_FOLDER_PATH}/Loader_YB.json",
				"${TARGET_BUILD_DIR}/${UNLOCALIZED_RESOURCES_FOLDER_PATH}/Loader_YW.json",
				"${TARGET_BUILD_DIR}/${UNLOCALIZED_RESOURCES_FOLDER_PATH}/Mastercard@3x.png",
				"${TARGET_BUILD_DIR}/${UNLOCALIZED_RESOURCES_FOLDER_PATH}/MasterCard.png",
				"${TARGET_BUILD_DIR}/${UNLOCALIZED_RESOURCES_FOLDER_PATH}/MasterCard@2x.png",
				"${TARGET_BUILD_DIR}/${UNLOCALIZED_RESOURCES_FOLDER_PATH}/phone.png",
				"${TARGET_BUILD_DIR}/${UNLOCALIZED_RESOURCES_FOLDER_PATH}/phone@2x.png",
				"${TARGET_BUILD_DIR}/${UNLOCALIZED_RESOURCES_FOLDER_PATH}/phone@3x.png",
				"${TARGET_BUILD_DIR}/${UNLOCALIZED_RESOURCES_FOLDER_PATH}/rave-verve.png",
				"${TARGET_BUILD_DIR}/${UNLOCALIZED_RESOURCES_FOLDER_PATH}/rave-verve@2x.png",
				"${TARGET_BUILD_DIR}/${UNLOCALIZED_RESOURCES_FOLDER_PATH}/rave-verve@3x.png",
				"${TARGET_BUILD_DIR}/${UNLOCALIZED_RESOURCES_FOLDER_PATH}/rave_access.png",
				"${TARGET_BUILD_DIR}/${UNLOCALIZED_RESOURCES_FOLDER_PATH}/rave_access@2x.png",
				"${TARGET_BUILD_DIR}/${UNLOCALIZED_RESOURCES_FOLDER_PATH}/rave_access@3x.png",
				"${TARGET_BUILD_DIR}/${UNLOCALIZED_RESOURCES_FOLDER_PATH}/rave_access2.png",
				"${TARGET_BUILD_DIR}/${UNLOCALIZED_RESOURCES_FOLDER_PATH}/rave_access2@2x.png",
				"${TARGET_BUILD_DIR}/${UNLOCALIZED_RESOURCES_FOLDER_PATH}/rave_access2@3x.png",
				"${TARGET_BUILD_DIR}/${UNLOCALIZED_RESOURCES_FOLDER_PATH}/rave_camera_icon.png",
				"${TARGET_BUILD_DIR}/${UNLOCALIZED_RESOURCES_FOLDER_PATH}/rave_camera_icon@2x.png",
				"${TARGET_BUILD_DIR}/${UNLOCALIZED_RESOURCES_FOLDER_PATH}/rave_camera_icon@3x.png",
				"${TARGET_BUILD_DIR}/${UNLOCALIZED_RESOURCES_FOLDER_PATH}/rave_check_box.png",
				"${TARGET_BUILD_DIR}/${UNLOCALIZED_RESOURCES_FOLDER_PATH}/rave_check_box@2x.png",
				"${TARGET_BUILD_DIR}/${UNLOCALIZED_RESOURCES_FOLDER_PATH}/rave_check_box@3x.png",
				"${TARGET_BUILD_DIR}/${UNLOCALIZED_RESOURCES_FOLDER_PATH}/rave_close.png",
				"${TARGET_BUILD_DIR}/${UNLOCALIZED_RESOURCES_FOLDER_PATH}/rave_close@2x.png",
				"${TARGET_BUILD_DIR}/${UNLOCALIZED_RESOURCES_FOLDER_PATH}/rave_close@3x.png",
				"${TARGET_BUILD_DIR}/${UNLOCALIZED_RESOURCES_FOLDER_PATH}/rave_copy_icon.png",
				"${TARGET_BUILD_DIR}/${UNLOCALIZED_RESOURCES_FOLDER_PATH}/rave_copy_icon@2x.png",
				"${TARGET_BUILD_DIR}/${UNLOCALIZED_RESOURCES_FOLDER_PATH}/rave_copy_icon@3x.png",
				"${TARGET_BUILD_DIR}/${UNLOCALIZED_RESOURCES_FOLDER_PATH}/rave_correct_icon.png",
				"${TARGET_BUILD_DIR}/${UNLOCALIZED_RESOURCES_FOLDER_PATH}/rave_correct_icon@2x.png",
				"${TARGET_BUILD_DIR}/${UNLOCALIZED_RESOURCES_FOLDER_PATH}/rave_correct_icon@3x.png",
				"${TARGET_BUILD_DIR}/${UNLOCALIZED_RESOURCES_FOLDER_PATH}/rave_credit_card.png",
				"${TARGET_BUILD_DIR}/${UNLOCALIZED_RESOURCES_FOLDER_PATH}/rave_credit_card@2x.png",
				"${TARGET_BUILD_DIR}/${UNLOCALIZED_RESOURCES_FOLDER_PATH}/rave_credit_card@3x.png",
				"${TARGET_BUILD_DIR}/${UNLOCALIZED_RESOURCES_FOLDER_PATH}/rave_down_arrow.png",
				"${TARGET_BUILD_DIR}/${UNLOCALIZED_RESOURCES_FOLDER_PATH}/rave_down_arrow@2x.png",
				"${TARGET_BUILD_DIR}/${UNLOCALIZED_RESOURCES_FOLDER_PATH}/rave_down_arrow@3x.png",
				"${TARGET_BUILD_DIR}/${UNLOCALIZED_RESOURCES_FOLDER_PATH}/rave_ecobank.png",
				"${TARGET_BUILD_DIR}/${UNLOCALIZED_RESOURCES_FOLDER_PATH}/rave_error_icon.png",
				"${TARGET_BUILD_DIR}/${UNLOCALIZED_RESOURCES_FOLDER_PATH}/rave_error_icon@2x.png",
				"${TARGET_BUILD_DIR}/${UNLOCALIZED_RESOURCES_FOLDER_PATH}/rave_error_icon@3x.png",
				"${TARGET_BUILD_DIR}/${UNLOCALIZED_RESOURCES_FOLDER_PATH}/rave_fcmb.png",
				"${TARGET_BUILD_DIR}/${UNLOCALIZED_RESOURCES_FOLDER_PATH}/rave_fcmb@2x.png",
				"${TARGET_BUILD_DIR}/${UNLOCALIZED_RESOURCES_FOLDER_PATH}/rave_fcmb@3x.png",
				"${TARGET_BUILD_DIR}/${UNLOCALIZED_RESOURCES_FOLDER_PATH}/rave_firstbank.png",
				"${TARGET_BUILD_DIR}/${UNLOCALIZED_RESOURCES_FOLDER_PATH}/rave_firstbank@2x.png",
				"${TARGET_BUILD_DIR}/${UNLOCALIZED_RESOURCES_FOLDER_PATH}/rave_firstbank@3x.png",
				"${TARGET_BUILD_DIR}/${UNLOCALIZED_RESOURCES_FOLDER_PATH}/rave_fsdh.png",
				"${TARGET_BUILD_DIR}/${UNLOCALIZED_RESOURCES_FOLDER_PATH}/rave_gtb.png",
				"${TARGET_BUILD_DIR}/${UNLOCALIZED_RESOURCES_FOLDER_PATH}/rave_gtb@2x.png",
				"${TARGET_BUILD_DIR}/${UNLOCALIZED_RESOURCES_FOLDER_PATH}/rave_gtb@3x.png",
				"${TARGET_BUILD_DIR}/${UNLOCALIZED_RESOURCES_FOLDER_PATH}/rave_mastercard.png",
				"${TARGET_BUILD_DIR}/${UNLOCALIZED_RESOURCES_FOLDER_PATH}/rave_mastercard@2x.png",
				"${TARGET_BUILD_DIR}/${UNLOCALIZED_RESOURCES_FOLDER_PATH}/rave_mastercard@3x.png",
				"${TARGET_BUILD_DIR}/${UNLOCALIZED_RESOURCES_FOLDER_PATH}/rave_padlock.png",
				"${TARGET_BUILD_DIR}/${UNLOCALIZED_RESOURCES_FOLDER_PATH}/rave_padlock@2x.png",
				"${TARGET_BUILD_DIR}/${UNLOCALIZED_RESOURCES_FOLDER_PATH}/rave_padlock@3x.png",
				"${TARGET_BUILD_DIR}/${UNLOCALIZED_RESOURCES_FOLDER_PATH}/rave_polaris.png",
				"${TARGET_BUILD_DIR}/${UNLOCALIZED_RESOURCES_FOLDER_PATH}/rave_providus.png",
				"${TARGET_BUILD_DIR}/${UNLOCALIZED_RESOURCES_FOLDER_PATH}/rave_providus@2x.png",
				"${TARGET_BUILD_DIR}/${UNLOCALIZED_RESOURCES_FOLDER_PATH}/rave_providus@3x.png",
				"${TARGET_BUILD_DIR}/${UNLOCALIZED_RESOURCES_FOLDER_PATH}/rave_providus2.png",
				"${TARGET_BUILD_DIR}/${UNLOCALIZED_RESOURCES_FOLDER_PATH}/rave_providus2@2x.png",
				"${TARGET_BUILD_DIR}/${UNLOCALIZED_RESOURCES_FOLDER_PATH}/rave_providus2@3x.png",
				"${TARGET_BUILD_DIR}/${UNLOCALIZED_RESOURCES_FOLDER_PATH}/rave_question_mark.png",
				"${TARGET_BUILD_DIR}/${UNLOCALIZED_RESOURCES_FOLDER_PATH}/rave_question_mark@2x.png",
				"${TARGET_BUILD_DIR}/${UNLOCALIZED_RESOURCES_FOLDER_PATH}/rave_question_mark@3x.png",
				"${TARGET_BUILD_DIR}/${UNLOCALIZED_RESOURCES_FOLDER_PATH}/rave_skye.png",
				"${TARGET_BUILD_DIR}/${UNLOCALIZED_RESOURCES_FOLDER_PATH}/rave_sterling.png",
				"${TARGET_BUILD_DIR}/${UNLOCALIZED_RESOURCES_FOLDER_PATH}/rave_sterling@2x.png",
				"${TARGET_BUILD_DIR}/${UNLOCALIZED_RESOURCES_FOLDER_PATH}/rave_sterling@3x.png",
				"${TARGET_BUILD_DIR}/${UNLOCALIZED_RESOURCES_FOLDER_PATH}/rave_uba.png",
				"${TARGET_BUILD_DIR}/${UNLOCALIZED_RESOURCES_FOLDER_PATH}/rave_uba@2x.png",
				"${TARGET_BUILD_DIR}/${UNLOCALIZED_RESOURCES_FOLDER_PATH}/rave_uba@3x.png",
				"${TARGET_BUILD_DIR}/${UNLOCALIZED_RESOURCES_FOLDER_PATH}/rave_unchecked_box.png",
				"${TARGET_BUILD_DIR}/${UNLOCALIZED_RESOURCES_FOLDER_PATH}/rave_unchecked_box@2x.png",
				"${TARGET_BUILD_DIR}/${UNLOCALIZED_RESOURCES_FOLDER_PATH}/rave_unchecked_box@3x.png",
				"${TARGET_BUILD_DIR}/${UNLOCALIZED_RESOURCES_FOLDER_PATH}/rave_unity.png",
				"${TARGET_BUILD_DIR}/${UNLOCALIZED_RESOURCES_FOLDER_PATH}/rave_unity@2x.png",
				"${TARGET_BUILD_DIR}/${UNLOCALIZED_RESOURCES_FOLDER_PATH}/rave_unity@3x.png",
				"${TARGET_BUILD_DIR}/${UNLOCALIZED_RESOURCES_FOLDER_PATH}/rave_up_arrow.png",
				"${TARGET_BUILD_DIR}/${UNLOCALIZED_RESOURCES_FOLDER_PATH}/rave_up_arrow@2x.png",
				"${TARGET_BUILD_DIR}/${UNLOCALIZED_RESOURCES_FOLDER_PATH}/rave_up_arrow@3x.png",
				"${TARGET_BUILD_DIR}/${UNLOCALIZED_RESOURCES_FOLDER_PATH}/rave_visa.png",
				"${TARGET_BUILD_DIR}/${UNLOCALIZED_RESOURCES_FOLDER_PATH}/rave_visa@2x.png",
				"${TARGET_BUILD_DIR}/${UNLOCALIZED_RESOURCES_FOLDER_PATH}/rave_visa@3x.png",
				"${TARGET_BUILD_DIR}/${UNLOCALIZED_RESOURCES_FOLDER_PATH}/rave_zenith.png",
				"${TARGET_BUILD_DIR}/${UNLOCALIZED_RESOURCES_FOLDER_PATH}/rave_zenith@2x.png",
				"${TARGET_BUILD_DIR}/${UNLOCALIZED_RESOURCES_FOLDER_PATH}/rave_zenith@3x.png",
				"${TARGET_BUILD_DIR}/${UNLOCALIZED_RESOURCES_FOLDER_PATH}/Rectangle 4.png",
				"${TARGET_BUILD_DIR}/${UNLOCALIZED_RESOURCES_FOLDER_PATH}/Rectangle 4@2x.png",
				"${TARGET_BUILD_DIR}/${UNLOCALIZED_RESOURCES_FOLDER_PATH}/Rectangle 4@3x.png",
				"${TARGET_BUILD_DIR}/${UNLOCALIZED_RESOURCES_FOLDER_PATH}/fail.png",
				"${TARGET_BUILD_DIR}/${UNLOCALIZED_RESOURCES_FOLDER_PATH}/fail@2x.png",
				"${TARGET_BUILD_DIR}/${UNLOCALIZED_RESOURCES_FOLDER_PATH}/fail@3x.png",
				"${TARGET_BUILD_DIR}/${UNLOCALIZED_RESOURCES_FOLDER_PATH}/UnionPay.png",
				"${TARGET_BUILD_DIR}/${UNLOCALIZED_RESOURCES_FOLDER_PATH}/UnionPay@2x.png",
				"${TARGET_BUILD_DIR}/${UNLOCALIZED_RESOURCES_FOLDER_PATH}/UnionPay@3x.png",
				"${TARGET_BUILD_DIR}/${UNLOCALIZED_RESOURCES_FOLDER_PATH}/UnknowCard@2x.png",
				"${TARGET_BUILD_DIR}/${UNLOCALIZED_RESOURCES_FOLDER_PATH}/UnknowCard@3x.png",
				"${TARGET_BUILD_DIR}/${UNLOCALIZED_RESOURCES_FOLDER_PATH}/UnkownCard.png",
				"${TARGET_BUILD_DIR}/${UNLOCALIZED_RESOURCES_FOLDER_PATH}/Verve.png",
				"${TARGET_BUILD_DIR}/${UNLOCALIZED_RESOURCES_FOLDER_PATH}/Verve@2x.png",
				"${TARGET_BUILD_DIR}/${UNLOCALIZED_RESOURCES_FOLDER_PATH}/Verve@3x.png",
				"${TARGET_BUILD_DIR}/${UNLOCALIZED_RESOURCES_FOLDER_PATH}/Visa.png",
				"${TARGET_BUILD_DIR}/${UNLOCALIZED_RESOURCES_FOLDER_PATH}/Visa@2x.png",
				"${TARGET_BUILD_DIR}/${UNLOCALIZED_RESOURCES_FOLDER_PATH}/Visa@3x.png",
				"${TARGET_BUILD_DIR}/${UNLOCALIZED_RESOURCES_FOLDER_PATH}/Bold.ttf",
				"${TARGET_BUILD_DIR}/${UNLOCALIZED_RESOURCES_FOLDER_PATH}/Bolds.ttf",
				"${TARGET_BUILD_DIR}/${UNLOCALIZED_RESOURCES_FOLDER_PATH}/KlashaSB.storyboardc",
				"${TARGET_BUILD_DIR}/${UNLOCALIZED_RESOURCES_FOLDER_PATH}/Loader.json",
				"${TARGET_BUILD_DIR}/${UNLOCALIZED_RESOURCES_FOLDER_PATH}/Regular.ttf",
				"${TARGET_BUILD_DIR}/${UNLOCALIZED_RESOURCES_FOLDER_PATH}/Assets.car",
			);
			runOnlyForDeploymentPostprocessing = 0;
			shellPath = /bin/sh;
			shellScript = "\"${PODS_ROOT}/Target Support Files/Pods-klashapay_Example/Pods-klashapay_Example-resources.sh\"\n";
			showEnvVarsInLog = 0;
		};
		FE14B847B89DB297FF8E9DFD /* [CP] Check Pods Manifest.lock */ = {
			isa = PBXShellScriptBuildPhase;
			buildActionMask = 2147483647;
			files = (
			);
			inputFileListPaths = (
			);
			inputPaths = (
				"${PODS_PODFILE_DIR_PATH}/Podfile.lock",
				"${PODS_ROOT}/Manifest.lock",
			);
			name = "[CP] Check Pods Manifest.lock";
			outputFileListPaths = (
			);
			outputPaths = (
				"$(DERIVED_FILE_DIR)/Pods-klashapay_Example-checkManifestLockResult.txt",
			);
			runOnlyForDeploymentPostprocessing = 0;
			shellPath = /bin/sh;
			shellScript = "diff \"${PODS_PODFILE_DIR_PATH}/Podfile.lock\" \"${PODS_ROOT}/Manifest.lock\" > /dev/null\nif [ $? != 0 ] ; then\n    # print error to STDERR\n    echo \"error: The sandbox is not in sync with the Podfile.lock. Run 'pod install' or update your CocoaPods installation.\" >&2\n    exit 1\nfi\n# This output is used by Xcode 'outputs' to avoid re-running this script phase.\necho \"SUCCESS\" > \"${SCRIPT_OUTPUT_FILE_0}\"\n";
			showEnvVarsInLog = 0;
		};
/* End PBXShellScriptBuildPhase section */

/* Begin PBXSourcesBuildPhase section */
		607FACCC1AFB9204008FA782 /* Sources */ = {
			isa = PBXSourcesBuildPhase;
			buildActionMask = 2147483647;
			files = (
				607FACD81AFB9204008FA782 /* ViewController.swift in Sources */,
				A02B3F7A26BB62DB00B23AA1 /* Extensions.swift in Sources */,
				607FACD61AFB9204008FA782 /* AppDelegate.swift in Sources */,
			);
			runOnlyForDeploymentPostprocessing = 0;
		};
		607FACE11AFB9204008FA782 /* Sources */ = {
			isa = PBXSourcesBuildPhase;
			buildActionMask = 2147483647;
			files = (
				607FACEC1AFB9204008FA782 /* Tests.swift in Sources */,
			);
			runOnlyForDeploymentPostprocessing = 0;
		};
/* End PBXSourcesBuildPhase section */

/* Begin PBXTargetDependency section */
		607FACE71AFB9204008FA782 /* PBXTargetDependency */ = {
			isa = PBXTargetDependency;
			target = 607FACCF1AFB9204008FA782 /* klashapay_Example */;
			targetProxy = 607FACE61AFB9204008FA782 /* PBXContainerItemProxy */;
		};
/* End PBXTargetDependency section */

/* Begin PBXVariantGroup section */
		607FACD91AFB9204008FA782 /* Main.storyboard */ = {
			isa = PBXVariantGroup;
			children = (
				607FACDA1AFB9204008FA782 /* Base */,
			);
			name = Main.storyboard;
			sourceTree = "<group>";
		};
		607FACDE1AFB9204008FA782 /* LaunchScreen.xib */ = {
			isa = PBXVariantGroup;
			children = (
				607FACDF1AFB9204008FA782 /* Base */,
			);
			name = LaunchScreen.xib;
			sourceTree = "<group>";
		};
/* End PBXVariantGroup section */

/* Begin XCBuildConfiguration section */
		607FACED1AFB9204008FA782 /* Debug */ = {
			isa = XCBuildConfiguration;
			buildSettings = {
				ALWAYS_SEARCH_USER_PATHS = NO;
				CLANG_CXX_LANGUAGE_STANDARD = "gnu++0x";
				CLANG_CXX_LIBRARY = "libc++";
				CLANG_ENABLE_MODULES = YES;
				CLANG_ENABLE_OBJC_ARC = YES;
				CLANG_WARN_BLOCK_CAPTURE_AUTORELEASING = YES;
				CLANG_WARN_BOOL_CONVERSION = YES;
				CLANG_WARN_COMMA = YES;
				CLANG_WARN_CONSTANT_CONVERSION = YES;
				CLANG_WARN_DIRECT_OBJC_ISA_USAGE = YES_ERROR;
				CLANG_WARN_EMPTY_BODY = YES;
				CLANG_WARN_ENUM_CONVERSION = YES;
				CLANG_WARN_INFINITE_RECURSION = YES;
				CLANG_WARN_INT_CONVERSION = YES;
				CLANG_WARN_NON_LITERAL_NULL_CONVERSION = YES;
				CLANG_WARN_OBJC_LITERAL_CONVERSION = YES;
				CLANG_WARN_OBJC_ROOT_CLASS = YES_ERROR;
				CLANG_WARN_RANGE_LOOP_ANALYSIS = YES;
				CLANG_WARN_STRICT_PROTOTYPES = YES;
				CLANG_WARN_SUSPICIOUS_MOVE = YES;
				CLANG_WARN_UNREACHABLE_CODE = YES;
				CLANG_WARN__DUPLICATE_METHOD_MATCH = YES;
				"CODE_SIGN_IDENTITY[sdk=iphoneos*]" = "iPhone Developer";
				COPY_PHASE_STRIP = NO;
				DEBUG_INFORMATION_FORMAT = "dwarf-with-dsym";
				ENABLE_STRICT_OBJC_MSGSEND = YES;
				ENABLE_TESTABILITY = YES;
				GCC_C_LANGUAGE_STANDARD = gnu99;
				GCC_DYNAMIC_NO_PIC = NO;
				GCC_NO_COMMON_BLOCKS = YES;
				GCC_OPTIMIZATION_LEVEL = 0;
				GCC_PREPROCESSOR_DEFINITIONS = (
					"DEBUG=1",
					"$(inherited)",
				);
				GCC_SYMBOLS_PRIVATE_EXTERN = NO;
				GCC_WARN_64_TO_32_BIT_CONVERSION = YES;
				GCC_WARN_ABOUT_RETURN_TYPE = YES_ERROR;
				GCC_WARN_UNDECLARED_SELECTOR = YES;
				GCC_WARN_UNINITIALIZED_AUTOS = YES_AGGRESSIVE;
				GCC_WARN_UNUSED_FUNCTION = YES;
				GCC_WARN_UNUSED_VARIABLE = YES;
				IPHONEOS_DEPLOYMENT_TARGET = 11.0;
				MTL_ENABLE_DEBUG_INFO = YES;
				ONLY_ACTIVE_ARCH = YES;
				SDKROOT = iphoneos;
				SWIFT_OPTIMIZATION_LEVEL = "-Onone";
			};
			name = Debug;
		};
		607FACEE1AFB9204008FA782 /* Release */ = {
			isa = XCBuildConfiguration;
			buildSettings = {
				ALWAYS_SEARCH_USER_PATHS = NO;
				CLANG_CXX_LANGUAGE_STANDARD = "gnu++0x";
				CLANG_CXX_LIBRARY = "libc++";
				CLANG_ENABLE_MODULES = YES;
				CLANG_ENABLE_OBJC_ARC = YES;
				CLANG_WARN_BLOCK_CAPTURE_AUTORELEASING = YES;
				CLANG_WARN_BOOL_CONVERSION = YES;
				CLANG_WARN_COMMA = YES;
				CLANG_WARN_CONSTANT_CONVERSION = YES;
				CLANG_WARN_DIRECT_OBJC_ISA_USAGE = YES_ERROR;
				CLANG_WARN_EMPTY_BODY = YES;
				CLANG_WARN_ENUM_CONVERSION = YES;
				CLANG_WARN_INFINITE_RECURSION = YES;
				CLANG_WARN_INT_CONVERSION = YES;
				CLANG_WARN_NON_LITERAL_NULL_CONVERSION = YES;
				CLANG_WARN_OBJC_LITERAL_CONVERSION = YES;
				CLANG_WARN_OBJC_ROOT_CLASS = YES_ERROR;
				CLANG_WARN_RANGE_LOOP_ANALYSIS = YES;
				CLANG_WARN_STRICT_PROTOTYPES = YES;
				CLANG_WARN_SUSPICIOUS_MOVE = YES;
				CLANG_WARN_UNREACHABLE_CODE = YES;
				CLANG_WARN__DUPLICATE_METHOD_MATCH = YES;
				"CODE_SIGN_IDENTITY[sdk=iphoneos*]" = "iPhone Developer";
				COPY_PHASE_STRIP = NO;
				DEBUG_INFORMATION_FORMAT = "dwarf-with-dsym";
				ENABLE_NS_ASSERTIONS = NO;
				ENABLE_STRICT_OBJC_MSGSEND = YES;
				GCC_C_LANGUAGE_STANDARD = gnu99;
				GCC_NO_COMMON_BLOCKS = YES;
				GCC_WARN_64_TO_32_BIT_CONVERSION = YES;
				GCC_WARN_ABOUT_RETURN_TYPE = YES_ERROR;
				GCC_WARN_UNDECLARED_SELECTOR = YES;
				GCC_WARN_UNINITIALIZED_AUTOS = YES_AGGRESSIVE;
				GCC_WARN_UNUSED_FUNCTION = YES;
				GCC_WARN_UNUSED_VARIABLE = YES;
				IPHONEOS_DEPLOYMENT_TARGET = 11.0;
				MTL_ENABLE_DEBUG_INFO = NO;
				SDKROOT = iphoneos;
				SWIFT_OPTIMIZATION_LEVEL = "-Owholemodule";
				VALIDATE_PRODUCT = YES;
			};
			name = Release;
		};
		607FACF01AFB9204008FA782 /* Debug */ = {
			isa = XCBuildConfiguration;
			baseConfigurationReference = E5DEDBA5496537D042D134B1 /* Pods-klashapay_Example.debug.xcconfig */;
			buildSettings = {
				ASSETCATALOG_COMPILER_APPICON_NAME = AppIcon;
				CODE_SIGN_IDENTITY = "Apple Development";
				CODE_SIGN_STYLE = Automatic;
				DEVELOPMENT_TEAM = 52W4N2R6DA;
				INFOPLIST_FILE = klashapay/Info.plist;
				LD_RUNPATH_SEARCH_PATHS = "$(inherited) @executable_path/Frameworks";
				MODULE_NAME = ExampleApp;
				PRODUCT_BUNDLE_IDENTIFIER = "org.cocoapods.demo.$(PRODUCT_NAME:rfc1034identifier)";
				PRODUCT_NAME = "$(TARGET_NAME)";
				PROVISIONING_PROFILE_SPECIFIER = "";
				SWIFT_SWIFT3_OBJC_INFERENCE = Default;
				SWIFT_VERSION = 4.0;
			};
			name = Debug;
		};
		607FACF11AFB9204008FA782 /* Release */ = {
			isa = XCBuildConfiguration;
			baseConfigurationReference = 95846554AB1C7E38D733476B /* Pods-klashapay_Example.release.xcconfig */;
			buildSettings = {
				ASSETCATALOG_COMPILER_APPICON_NAME = AppIcon;
				CODE_SIGN_IDENTITY = "Apple Development";
				CODE_SIGN_STYLE = Automatic;
				DEVELOPMENT_TEAM = 52W4N2R6DA;
				INFOPLIST_FILE = klashapay/Info.plist;
				LD_RUNPATH_SEARCH_PATHS = "$(inherited) @executable_path/Frameworks";
				MODULE_NAME = ExampleApp;
				PRODUCT_BUNDLE_IDENTIFIER = "org.cocoapods.demo.$(PRODUCT_NAME:rfc1034identifier)";
				PRODUCT_NAME = "$(TARGET_NAME)";
				PROVISIONING_PROFILE_SPECIFIER = "";
				SWIFT_SWIFT3_OBJC_INFERENCE = Default;
				SWIFT_VERSION = 4.0;
			};
			name = Release;
		};
		607FACF31AFB9204008FA782 /* Debug */ = {
			isa = XCBuildConfiguration;
			baseConfigurationReference = 73317AEBB79ABC0B2DCB1E86 /* Pods-klashapay_Tests.debug.xcconfig */;
			buildSettings = {
				FRAMEWORK_SEARCH_PATHS = (
					"$(PLATFORM_DIR)/Developer/Library/Frameworks",
					"$(inherited)",
				);
				GCC_PREPROCESSOR_DEFINITIONS = (
					"DEBUG=1",
					"$(inherited)",
				);
				INFOPLIST_FILE = Tests/Info.plist;
				LD_RUNPATH_SEARCH_PATHS = "$(inherited) @executable_path/Frameworks @loader_path/Frameworks";
				PRODUCT_BUNDLE_IDENTIFIER = "org.cocoapods.$(PRODUCT_NAME:rfc1034identifier)";
				PRODUCT_NAME = "$(TARGET_NAME)";
				SWIFT_SWIFT3_OBJC_INFERENCE = Default;
				SWIFT_VERSION = 4.0;
				TEST_HOST = "$(BUILT_PRODUCTS_DIR)/klashapay_Example.app/klashapay_Example";
			};
			name = Debug;
		};
		607FACF41AFB9204008FA782 /* Release */ = {
			isa = XCBuildConfiguration;
			baseConfigurationReference = 5E61E0F757AA1FE5A720BAB2 /* Pods-klashapay_Tests.release.xcconfig */;
			buildSettings = {
				FRAMEWORK_SEARCH_PATHS = (
					"$(PLATFORM_DIR)/Developer/Library/Frameworks",
					"$(inherited)",
				);
				INFOPLIST_FILE = Tests/Info.plist;
				LD_RUNPATH_SEARCH_PATHS = "$(inherited) @executable_path/Frameworks @loader_path/Frameworks";
				PRODUCT_BUNDLE_IDENTIFIER = "org.cocoapods.$(PRODUCT_NAME:rfc1034identifier)";
				PRODUCT_NAME = "$(TARGET_NAME)";
				SWIFT_SWIFT3_OBJC_INFERENCE = Default;
				SWIFT_VERSION = 4.0;
				TEST_HOST = "$(BUILT_PRODUCTS_DIR)/klashapay_Example.app/klashapay_Example";
			};
			name = Release;
		};
/* End XCBuildConfiguration section */

/* Begin XCConfigurationList section */
		607FACCB1AFB9204008FA782 /* Build configuration list for PBXProject "klashapay" */ = {
			isa = XCConfigurationList;
			buildConfigurations = (
				607FACED1AFB9204008FA782 /* Debug */,
				607FACEE1AFB9204008FA782 /* Release */,
			);
			defaultConfigurationIsVisible = 0;
			defaultConfigurationName = Release;
		};
		607FACEF1AFB9204008FA782 /* Build configuration list for PBXNativeTarget "klashapay_Example" */ = {
			isa = XCConfigurationList;
			buildConfigurations = (
				607FACF01AFB9204008FA782 /* Debug */,
				607FACF11AFB9204008FA782 /* Release */,
			);
			defaultConfigurationIsVisible = 0;
			defaultConfigurationName = Release;
		};
		607FACF21AFB9204008FA782 /* Build configuration list for PBXNativeTarget "klashapay_Tests" */ = {
			isa = XCConfigurationList;
			buildConfigurations = (
				607FACF31AFB9204008FA782 /* Debug */,
				607FACF41AFB9204008FA782 /* Release */,
			);
			defaultConfigurationIsVisible = 0;
			defaultConfigurationName = Release;
		};
/* End XCConfigurationList section */
	};
	rootObject = 607FACC81AFB9204008FA782 /* Project object */;
}
